// !$*UTF8*$!
{
	archiveVersion = 1;
	classes = {
	};
	objectVersion = 46;
	objects = {

/* Begin PBXBuildFile section */
		042C0606184CE6CC0084225F /* ofxBaseGui.cpp in Sources */ = {isa = PBXBuildFile; fileRef = 042C05F5184CE6CC0084225F /* ofxBaseGui.cpp */; };
		042C0607184CE6CC0084225F /* ofxButton.cpp in Sources */ = {isa = PBXBuildFile; fileRef = 042C05F7184CE6CC0084225F /* ofxButton.cpp */; };
		042C0608184CE6CC0084225F /* ofxGuiGroup.cpp in Sources */ = {isa = PBXBuildFile; fileRef = 042C05FA184CE6CC0084225F /* ofxGuiGroup.cpp */; };
		042C0609184CE6CC0084225F /* ofxLabel.cpp in Sources */ = {isa = PBXBuildFile; fileRef = 042C05FC184CE6CC0084225F /* ofxLabel.cpp */; };
		042C060A184CE6CC0084225F /* ofxPanel.cpp in Sources */ = {isa = PBXBuildFile; fileRef = 042C05FE184CE6CC0084225F /* ofxPanel.cpp */; };
		042C060B184CE6CC0084225F /* ofxSlider.cpp in Sources */ = {isa = PBXBuildFile; fileRef = 042C0600184CE6CC0084225F /* ofxSlider.cpp */; };
		042C060C184CE6CC0084225F /* ofxSliderGroup.cpp in Sources */ = {isa = PBXBuildFile; fileRef = 042C0602184CE6CC0084225F /* ofxSliderGroup.cpp */; };
		042C060D184CE6CC0084225F /* ofxToggle.cpp in Sources */ = {isa = PBXBuildFile; fileRef = 042C0604184CE6CC0084225F /* ofxToggle.cpp */; };
		042C0616184D02900084225F /* TestScene.cpp in Sources */ = {isa = PBXBuildFile; fileRef = 042C0615184D02900084225F /* TestScene.cpp */; };
		04AF3620184B660A00E125FC /* ofxDmx.cpp in Sources */ = {isa = PBXBuildFile; fileRef = 04AF361E184B660A00E125FC /* ofxDmx.cpp */; };
		04AF399D184B665800E125FC /* IpEndpointName.cpp in Sources */ = {isa = PBXBuildFile; fileRef = 04AF3977184B665800E125FC /* IpEndpointName.cpp */; };
		04AF399E184B665800E125FC /* NetworkingUtils.cpp in Sources */ = {isa = PBXBuildFile; fileRef = 04AF397C184B665800E125FC /* NetworkingUtils.cpp */; };
		04AF399F184B665800E125FC /* UdpSocket.cpp in Sources */ = {isa = PBXBuildFile; fileRef = 04AF397D184B665800E125FC /* UdpSocket.cpp */; };
		04AF39A0184B665800E125FC /* NetworkingUtilsWin.cpp in Sources */ = {isa = PBXBuildFile; fileRef = 04AF3981184B665800E125FC /* NetworkingUtilsWin.cpp */; };
		04AF39A1184B665800E125FC /* UdpSocketWin.cpp in Sources */ = {isa = PBXBuildFile; fileRef = 04AF3982184B665800E125FC /* UdpSocketWin.cpp */; };
		04AF39A2184B665800E125FC /* OscOutboundPacketStream.cpp in Sources */ = {isa = PBXBuildFile; fileRef = 04AF3987184B665800E125FC /* OscOutboundPacketStream.cpp */; };
		04AF39A3184B665800E125FC /* OscPrintReceivedElements.cpp in Sources */ = {isa = PBXBuildFile; fileRef = 04AF398A184B665800E125FC /* OscPrintReceivedElements.cpp */; };
		04AF39A4184B665800E125FC /* OscReceivedElements.cpp in Sources */ = {isa = PBXBuildFile; fileRef = 04AF398C184B665800E125FC /* OscReceivedElements.cpp */; };
		04AF39A5184B665800E125FC /* OscTypes.cpp in Sources */ = {isa = PBXBuildFile; fileRef = 04AF398E184B665800E125FC /* OscTypes.cpp */; };
		04AF39A6184B665800E125FC /* ofxOscBundle.cpp in Sources */ = {isa = PBXBuildFile; fileRef = 04AF3993184B665800E125FC /* ofxOscBundle.cpp */; };
		04AF39A7184B665800E125FC /* ofxOscMessage.cpp in Sources */ = {isa = PBXBuildFile; fileRef = 04AF3995184B665800E125FC /* ofxOscMessage.cpp */; };
		04AF39A8184B665800E125FC /* ofxOscParameterSync.cpp in Sources */ = {isa = PBXBuildFile; fileRef = 04AF3997184B665800E125FC /* ofxOscParameterSync.cpp */; };
		04AF39A9184B665800E125FC /* ofxOscReceiver.cpp in Sources */ = {isa = PBXBuildFile; fileRef = 04AF3999184B665800E125FC /* ofxOscReceiver.cpp */; };
		04AF39AA184B665800E125FC /* ofxOscSender.cpp in Sources */ = {isa = PBXBuildFile; fileRef = 04AF399B184B665800E125FC /* ofxOscSender.cpp */; };
		04AF39B4184B668D00E125FC /* tinyxml.cpp in Sources */ = {isa = PBXBuildFile; fileRef = 04AF39AD184B668D00E125FC /* tinyxml.cpp */; };
		04AF39B5184B668D00E125FC /* tinyxmlerror.cpp in Sources */ = {isa = PBXBuildFile; fileRef = 04AF39AF184B668D00E125FC /* tinyxmlerror.cpp */; };
		04AF39B6184B668D00E125FC /* tinyxmlparser.cpp in Sources */ = {isa = PBXBuildFile; fileRef = 04AF39B0184B668D00E125FC /* tinyxmlparser.cpp */; };
		04AF39B7184B668D00E125FC /* ofxXmlSettings.cpp in Sources */ = {isa = PBXBuildFile; fileRef = 04AF39B2184B668D00E125FC /* ofxXmlSettings.cpp */; };
		04AF39E7184B6D5E00E125FC /* artnet.c in Sources */ = {isa = PBXBuildFile; fileRef = 04AF39DA184B6D5E00E125FC /* artnet.c */; };
		04AF39E8184B6D5E00E125FC /* misc.c in Sources */ = {isa = PBXBuildFile; fileRef = 04AF39DB184B6D5E00E125FC /* misc.c */; };
		04AF39E9184B6D5E00E125FC /* network.c in Sources */ = {isa = PBXBuildFile; fileRef = 04AF39DC184B6D5E00E125FC /* network.c */; };
		04AF39EA184B6D5E00E125FC /* receive.c in Sources */ = {isa = PBXBuildFile; fileRef = 04AF39DD184B6D5E00E125FC /* receive.c */; };
		04AF39EB184B6D5E00E125FC /* tod.c in Sources */ = {isa = PBXBuildFile; fileRef = 04AF39DE184B6D5E00E125FC /* tod.c */; };
		04AF39EC184B6D5E00E125FC /* transmit.c in Sources */ = {isa = PBXBuildFile; fileRef = 04AF39DF184B6D5E00E125FC /* transmit.c */; };
		04AF39ED184B6D5E00E125FC /* ofxArtnet.cpp in Sources */ = {isa = PBXBuildFile; fileRef = 04AF39E2184B6D5E00E125FC /* ofxArtnet.cpp */; };
		BBAB23CB13894F3D00AA2426 /* GLUT.framework in CopyFiles */ = {isa = PBXBuildFile; fileRef = BBAB23BE13894E4700AA2426 /* GLUT.framework */; };
		E4328149138ABC9F0047C5CB /* openFrameworksDebug.a in Frameworks */ = {isa = PBXBuildFile; fileRef = E4328148138ABC890047C5CB /* openFrameworksDebug.a */; };
		E45BE97B0E8CC7DD009D7055 /* AGL.framework in Frameworks */ = {isa = PBXBuildFile; fileRef = E45BE9710E8CC7DD009D7055 /* AGL.framework */; };
		E45BE97C0E8CC7DD009D7055 /* ApplicationServices.framework in Frameworks */ = {isa = PBXBuildFile; fileRef = E45BE9720E8CC7DD009D7055 /* ApplicationServices.framework */; };
		E45BE97D0E8CC7DD009D7055 /* AudioToolbox.framework in Frameworks */ = {isa = PBXBuildFile; fileRef = E45BE9730E8CC7DD009D7055 /* AudioToolbox.framework */; };
		E45BE97E0E8CC7DD009D7055 /* Carbon.framework in Frameworks */ = {isa = PBXBuildFile; fileRef = E45BE9740E8CC7DD009D7055 /* Carbon.framework */; };
		E45BE97F0E8CC7DD009D7055 /* CoreAudio.framework in Frameworks */ = {isa = PBXBuildFile; fileRef = E45BE9750E8CC7DD009D7055 /* CoreAudio.framework */; };
		E45BE9800E8CC7DD009D7055 /* CoreFoundation.framework in Frameworks */ = {isa = PBXBuildFile; fileRef = E45BE9760E8CC7DD009D7055 /* CoreFoundation.framework */; };
		E45BE9810E8CC7DD009D7055 /* CoreServices.framework in Frameworks */ = {isa = PBXBuildFile; fileRef = E45BE9770E8CC7DD009D7055 /* CoreServices.framework */; };
		E45BE9830E8CC7DD009D7055 /* OpenGL.framework in Frameworks */ = {isa = PBXBuildFile; fileRef = E45BE9790E8CC7DD009D7055 /* OpenGL.framework */; };
		E45BE9840E8CC7DD009D7055 /* QuickTime.framework in Frameworks */ = {isa = PBXBuildFile; fileRef = E45BE97A0E8CC7DD009D7055 /* QuickTime.framework */; };
		E4B69E200A3A1BDC003C02F2 /* main.cpp in Sources */ = {isa = PBXBuildFile; fileRef = E4B69E1D0A3A1BDC003C02F2 /* main.cpp */; };
		E4B69E210A3A1BDC003C02F2 /* testApp.cpp in Sources */ = {isa = PBXBuildFile; fileRef = E4B69E1E0A3A1BDC003C02F2 /* testApp.cpp */; };
		E4C2424710CC5A17004149E2 /* AppKit.framework in Frameworks */ = {isa = PBXBuildFile; fileRef = E4C2424410CC5A17004149E2 /* AppKit.framework */; };
		E4C2424810CC5A17004149E2 /* Cocoa.framework in Frameworks */ = {isa = PBXBuildFile; fileRef = E4C2424510CC5A17004149E2 /* Cocoa.framework */; };
		E4C2424910CC5A17004149E2 /* IOKit.framework in Frameworks */ = {isa = PBXBuildFile; fileRef = E4C2424610CC5A17004149E2 /* IOKit.framework */; };
		E4EB6799138ADC1D00A09F29 /* GLUT.framework in Frameworks */ = {isa = PBXBuildFile; fileRef = BBAB23BE13894E4700AA2426 /* GLUT.framework */; };
		E7E077E515D3B63C0020DFD4 /* CoreVideo.framework in Frameworks */ = {isa = PBXBuildFile; fileRef = E7E077E415D3B63C0020DFD4 /* CoreVideo.framework */; };
		E7E077E815D3B6510020DFD4 /* QTKit.framework in Frameworks */ = {isa = PBXBuildFile; fileRef = E7E077E715D3B6510020DFD4 /* QTKit.framework */; };
		E7F985F815E0DEA3003869B5 /* Accelerate.framework in Frameworks */ = {isa = PBXBuildFile; fileRef = E7F985F515E0DE99003869B5 /* Accelerate.framework */; };
/* End PBXBuildFile section */

/* Begin PBXContainerItemProxy section */
		E4328147138ABC890047C5CB /* PBXContainerItemProxy */ = {
			isa = PBXContainerItemProxy;
			containerPortal = E4328143138ABC890047C5CB /* openFrameworksLib.xcodeproj */;
			proxyType = 2;
			remoteGlobalIDString = E4B27C1510CBEB8E00536013;
			remoteInfo = openFrameworks;
		};
		E4EEB9AB138B136A00A80321 /* PBXContainerItemProxy */ = {
			isa = PBXContainerItemProxy;
			containerPortal = E4328143138ABC890047C5CB /* openFrameworksLib.xcodeproj */;
			proxyType = 1;
			remoteGlobalIDString = E4B27C1410CBEB8E00536013;
			remoteInfo = openFrameworks;
		};
/* End PBXContainerItemProxy section */

/* Begin PBXCopyFilesBuildPhase section */
		E4C2427710CC5ABF004149E2 /* CopyFiles */ = {
			isa = PBXCopyFilesBuildPhase;
			buildActionMask = 2147483647;
			dstPath = "";
			dstSubfolderSpec = 10;
			files = (
				BBAB23CB13894F3D00AA2426 /* GLUT.framework in CopyFiles */,
			);
			runOnlyForDeploymentPostprocessing = 0;
		};
/* End PBXCopyFilesBuildPhase section */

/* Begin PBXFileReference section */
		042C05F5184CE6CC0084225F /* ofxBaseGui.cpp */ = {isa = PBXFileReference; fileEncoding = 4; lastKnownFileType = sourcecode.cpp.cpp; path = ofxBaseGui.cpp; sourceTree = "<group>"; };
		042C05F6184CE6CC0084225F /* ofxBaseGui.h */ = {isa = PBXFileReference; fileEncoding = 4; lastKnownFileType = sourcecode.c.h; path = ofxBaseGui.h; sourceTree = "<group>"; };
		042C05F7184CE6CC0084225F /* ofxButton.cpp */ = {isa = PBXFileReference; fileEncoding = 4; lastKnownFileType = sourcecode.cpp.cpp; path = ofxButton.cpp; sourceTree = "<group>"; };
		042C05F8184CE6CC0084225F /* ofxButton.h */ = {isa = PBXFileReference; fileEncoding = 4; lastKnownFileType = sourcecode.c.h; path = ofxButton.h; sourceTree = "<group>"; };
		042C05F9184CE6CC0084225F /* ofxGui.h */ = {isa = PBXFileReference; fileEncoding = 4; lastKnownFileType = sourcecode.c.h; path = ofxGui.h; sourceTree = "<group>"; };
		042C05FA184CE6CC0084225F /* ofxGuiGroup.cpp */ = {isa = PBXFileReference; fileEncoding = 4; lastKnownFileType = sourcecode.cpp.cpp; path = ofxGuiGroup.cpp; sourceTree = "<group>"; };
		042C05FB184CE6CC0084225F /* ofxGuiGroup.h */ = {isa = PBXFileReference; fileEncoding = 4; lastKnownFileType = sourcecode.c.h; path = ofxGuiGroup.h; sourceTree = "<group>"; };
		042C05FC184CE6CC0084225F /* ofxLabel.cpp */ = {isa = PBXFileReference; fileEncoding = 4; lastKnownFileType = sourcecode.cpp.cpp; path = ofxLabel.cpp; sourceTree = "<group>"; };
		042C05FD184CE6CC0084225F /* ofxLabel.h */ = {isa = PBXFileReference; fileEncoding = 4; lastKnownFileType = sourcecode.c.h; path = ofxLabel.h; sourceTree = "<group>"; };
		042C05FE184CE6CC0084225F /* ofxPanel.cpp */ = {isa = PBXFileReference; fileEncoding = 4; lastKnownFileType = sourcecode.cpp.cpp; path = ofxPanel.cpp; sourceTree = "<group>"; };
		042C05FF184CE6CC0084225F /* ofxPanel.h */ = {isa = PBXFileReference; fileEncoding = 4; lastKnownFileType = sourcecode.c.h; path = ofxPanel.h; sourceTree = "<group>"; };
		042C0600184CE6CC0084225F /* ofxSlider.cpp */ = {isa = PBXFileReference; fileEncoding = 4; lastKnownFileType = sourcecode.cpp.cpp; path = ofxSlider.cpp; sourceTree = "<group>"; };
		042C0601184CE6CC0084225F /* ofxSlider.h */ = {isa = PBXFileReference; fileEncoding = 4; lastKnownFileType = sourcecode.c.h; path = ofxSlider.h; sourceTree = "<group>"; };
		042C0602184CE6CC0084225F /* ofxSliderGroup.cpp */ = {isa = PBXFileReference; fileEncoding = 4; lastKnownFileType = sourcecode.cpp.cpp; path = ofxSliderGroup.cpp; sourceTree = "<group>"; };
		042C0603184CE6CC0084225F /* ofxSliderGroup.h */ = {isa = PBXFileReference; fileEncoding = 4; lastKnownFileType = sourcecode.c.h; path = ofxSliderGroup.h; sourceTree = "<group>"; };
		042C0604184CE6CC0084225F /* ofxToggle.cpp */ = {isa = PBXFileReference; fileEncoding = 4; lastKnownFileType = sourcecode.cpp.cpp; path = ofxToggle.cpp; sourceTree = "<group>"; };
		042C0605184CE6CC0084225F /* ofxToggle.h */ = {isa = PBXFileReference; fileEncoding = 4; lastKnownFileType = sourcecode.c.h; path = ofxToggle.h; sourceTree = "<group>"; };
		042C0613184D01720084225F /* Scene.h */ = {isa = PBXFileReference; fileEncoding = 4; lastKnownFileType = sourcecode.c.h; path = Scene.h; sourceTree = "<group>"; };
		042C0614184D02110084225F /* TestScene.h */ = {isa = PBXFileReference; fileEncoding = 4; lastKnownFileType = sourcecode.c.h; path = TestScene.h; sourceTree = "<group>"; };
		042C0615184D02900084225F /* TestScene.cpp */ = {isa = PBXFileReference; fileEncoding = 4; lastKnownFileType = sourcecode.cpp.cpp; path = TestScene.cpp; sourceTree = "<group>"; };
		04AF361A184B660A00E125FC /* .gitignore */ = {isa = PBXFileReference; fileEncoding = 4; lastKnownFileType = text; path = .gitignore; sourceTree = "<group>"; };
		04AF361B184B660A00E125FC /* license.md */ = {isa = PBXFileReference; fileEncoding = 4; lastKnownFileType = text; path = license.md; sourceTree = "<group>"; };
		04AF361C184B660A00E125FC /* readme.md */ = {isa = PBXFileReference; fileEncoding = 4; lastKnownFileType = text; path = readme.md; sourceTree = "<group>"; };
		04AF361E184B660A00E125FC /* ofxDmx.cpp */ = {isa = PBXFileReference; fileEncoding = 4; lastKnownFileType = sourcecode.cpp.cpp; path = ofxDmx.cpp; sourceTree = "<group>"; };
		04AF361F184B660A00E125FC /* ofxDmx.h */ = {isa = PBXFileReference; fileEncoding = 4; lastKnownFileType = sourcecode.c.h; path = ofxDmx.h; sourceTree = "<group>"; };
		04AF3622184B661A00E125FC /* .gitignore */ = {isa = PBXFileReference; fileEncoding = 4; lastKnownFileType = text; path = .gitignore; sourceTree = "<group>"; };
		04AF38CB184B661D00E125FC /* ofxaddons_thumbnail.png */ = {isa = PBXFileReference; lastKnownFileType = image.png; path = ofxaddons_thumbnail.png; sourceTree = "<group>"; };
		04AF38CC184B661D00E125FC /* README */ = {isa = PBXFileReference; fileEncoding = 4; lastKnownFileType = text; path = README; sourceTree = "<group>"; };
		04AF38CE184B661D00E125FC /* ofxUI.h */ = {isa = PBXFileReference; fileEncoding = 4; lastKnownFileType = sourcecode.c.h; path = ofxUI.h; sourceTree = "<group>"; };
		04AF38CF184B661D00E125FC /* ofxUI2DGraph.h */ = {isa = PBXFileReference; fileEncoding = 4; lastKnownFileType = sourcecode.c.h; path = ofxUI2DGraph.h; sourceTree = "<group>"; };
		04AF38D0184B661E00E125FC /* ofxUI2DPad.h */ = {isa = PBXFileReference; fileEncoding = 4; lastKnownFileType = sourcecode.c.h; path = ofxUI2DPad.h; sourceTree = "<group>"; };
		04AF38D1184B661E00E125FC /* ofxUIBaseDraws.h */ = {isa = PBXFileReference; fileEncoding = 4; lastKnownFileType = sourcecode.c.h; path = ofxUIBaseDraws.h; sourceTree = "<group>"; };
		04AF38D2184B661E00E125FC /* ofxUIBiLabelSlider.h */ = {isa = PBXFileReference; fileEncoding = 4; lastKnownFileType = sourcecode.c.h; path = ofxUIBiLabelSlider.h; sourceTree = "<group>"; };
		04AF38D3184B661E00E125FC /* ofxUIButton.h */ = {isa = PBXFileReference; fileEncoding = 4; lastKnownFileType = sourcecode.c.h; path = ofxUIButton.h; sourceTree = "<group>"; };
		04AF38D4184B661E00E125FC /* ofxUICanvas.h */ = {isa = PBXFileReference; fileEncoding = 4; lastKnownFileType = sourcecode.c.h; path = ofxUICanvas.h; sourceTree = "<group>"; };
		04AF38D5184B661E00E125FC /* ofxUICircleSlider.h */ = {isa = PBXFileReference; fileEncoding = 4; lastKnownFileType = sourcecode.c.h; path = ofxUICircleSlider.h; sourceTree = "<group>"; };
		04AF38D6184B661E00E125FC /* ofxUICustomImageButton.h */ = {isa = PBXFileReference; fileEncoding = 4; lastKnownFileType = sourcecode.c.h; path = ofxUICustomImageButton.h; sourceTree = "<group>"; };
		04AF38D7184B661E00E125FC /* ofxUIDropDownList.h */ = {isa = PBXFileReference; fileEncoding = 4; lastKnownFileType = sourcecode.c.h; path = ofxUIDropDownList.h; sourceTree = "<group>"; };
		04AF38D8184B661E00E125FC /* ofxUIEventArgs.h */ = {isa = PBXFileReference; fileEncoding = 4; lastKnownFileType = sourcecode.c.h; path = ofxUIEventArgs.h; sourceTree = "<group>"; };
		04AF38D9184B661E00E125FC /* ofxUIFPS.h */ = {isa = PBXFileReference; fileEncoding = 4; lastKnownFileType = sourcecode.c.h; path = ofxUIFPS.h; sourceTree = "<group>"; };
		04AF38DA184B661E00E125FC /* ofxUIFPSSlider.h */ = {isa = PBXFileReference; fileEncoding = 4; lastKnownFileType = sourcecode.c.h; path = ofxUIFPSSlider.h; sourceTree = "<group>"; };
		04AF38DB184B661E00E125FC /* ofxUIImage.h */ = {isa = PBXFileReference; fileEncoding = 4; lastKnownFileType = sourcecode.c.h; path = ofxUIImage.h; sourceTree = "<group>"; };
		04AF38DC184B661E00E125FC /* ofxUIImageButton.h */ = {isa = PBXFileReference; fileEncoding = 4; lastKnownFileType = sourcecode.c.h; path = ofxUIImageButton.h; sourceTree = "<group>"; };
		04AF38DD184B661E00E125FC /* ofxUIImageSampler.h */ = {isa = PBXFileReference; fileEncoding = 4; lastKnownFileType = sourcecode.c.h; path = ofxUIImageSampler.h; sourceTree = "<group>"; };
		04AF38DE184B661E00E125FC /* ofxUIImageSlider.h */ = {isa = PBXFileReference; fileEncoding = 4; lastKnownFileType = sourcecode.c.h; path = ofxUIImageSlider.h; sourceTree = "<group>"; };
		04AF38DF184B661E00E125FC /* ofxUIImageToggle.h */ = {isa = PBXFileReference; fileEncoding = 4; lastKnownFileType = sourcecode.c.h; path = ofxUIImageToggle.h; sourceTree = "<group>"; };
		04AF38E0184B661E00E125FC /* ofxUIIntSlider.h */ = {isa = PBXFileReference; fileEncoding = 4; lastKnownFileType = sourcecode.c.h; path = ofxUIIntSlider.h; sourceTree = "<group>"; };
		04AF38E1184B661E00E125FC /* ofxUILabel.h */ = {isa = PBXFileReference; fileEncoding = 4; lastKnownFileType = sourcecode.c.h; path = ofxUILabel.h; sourceTree = "<group>"; };
		04AF38E2184B661E00E125FC /* ofxUILabelButton.h */ = {isa = PBXFileReference; fileEncoding = 4; lastKnownFileType = sourcecode.c.h; path = ofxUILabelButton.h; sourceTree = "<group>"; };
		04AF38E3184B661E00E125FC /* ofxUILabelToggle.h */ = {isa = PBXFileReference; fileEncoding = 4; lastKnownFileType = sourcecode.c.h; path = ofxUILabelToggle.h; sourceTree = "<group>"; };
		04AF38E4184B661E00E125FC /* ofxUIMinimalSlider.h */ = {isa = PBXFileReference; fileEncoding = 4; lastKnownFileType = sourcecode.c.h; path = ofxUIMinimalSlider.h; sourceTree = "<group>"; };
		04AF38E5184B661E00E125FC /* ofxUIMovingGraph.h */ = {isa = PBXFileReference; fileEncoding = 4; lastKnownFileType = sourcecode.c.h; path = ofxUIMovingGraph.h; sourceTree = "<group>"; };
		04AF38E6184B661E00E125FC /* ofxUIMultiImageButton.h */ = {isa = PBXFileReference; fileEncoding = 4; lastKnownFileType = sourcecode.c.h; path = ofxUIMultiImageButton.h; sourceTree = "<group>"; };
		04AF38E7184B661E00E125FC /* ofxUIMultiImageSlider.h */ = {isa = PBXFileReference; fileEncoding = 4; lastKnownFileType = sourcecode.c.h; path = ofxUIMultiImageSlider.h; sourceTree = "<group>"; };
		04AF38E8184B661E00E125FC /* ofxUIMultiImageToggle.h */ = {isa = PBXFileReference; fileEncoding = 4; lastKnownFileType = sourcecode.c.h; path = ofxUIMultiImageToggle.h; sourceTree = "<group>"; };
		04AF38E9184B661E00E125FC /* ofxUINumberDialer.h */ = {isa = PBXFileReference; fileEncoding = 4; lastKnownFileType = sourcecode.c.h; path = ofxUINumberDialer.h; sourceTree = "<group>"; };
		04AF38EA184B661E00E125FC /* ofxUIOFWrapper.h */ = {isa = PBXFileReference; fileEncoding = 4; lastKnownFileType = sourcecode.c.h; path = ofxUIOFWrapper.h; sourceTree = "<group>"; };
		04AF38EB184B661E00E125FC /* ofxUIRadio.h */ = {isa = PBXFileReference; fileEncoding = 4; lastKnownFileType = sourcecode.c.h; path = ofxUIRadio.h; sourceTree = "<group>"; };
		04AF38EC184B661E00E125FC /* ofxUIRangeSlider.h */ = {isa = PBXFileReference; fileEncoding = 4; lastKnownFileType = sourcecode.c.h; path = ofxUIRangeSlider.h; sourceTree = "<group>"; };
		04AF38ED184B661E00E125FC /* ofxUIRectangle.h */ = {isa = PBXFileReference; fileEncoding = 4; lastKnownFileType = sourcecode.c.h; path = ofxUIRectangle.h; sourceTree = "<group>"; };
		04AF38EE184B661E00E125FC /* ofxUIRotarySlider.h */ = {isa = PBXFileReference; fileEncoding = 4; lastKnownFileType = sourcecode.c.h; path = ofxUIRotarySlider.h; sourceTree = "<group>"; };
		04AF38EF184B661E00E125FC /* ofxUIScrollableCanvas.h */ = {isa = PBXFileReference; fileEncoding = 4; lastKnownFileType = sourcecode.c.h; path = ofxUIScrollableCanvas.h; sourceTree = "<group>"; };
		04AF38F0184B661E00E125FC /* ofxUISlider.h */ = {isa = PBXFileReference; fileEncoding = 4; lastKnownFileType = sourcecode.c.h; path = ofxUISlider.h; sourceTree = "<group>"; };
		04AF38F1184B661E00E125FC /* ofxUISpacer.h */ = {isa = PBXFileReference; fileEncoding = 4; lastKnownFileType = sourcecode.c.h; path = ofxUISpacer.h; sourceTree = "<group>"; };
		04AF38F2184B661E00E125FC /* ofxUISpectrum.h */ = {isa = PBXFileReference; fileEncoding = 4; lastKnownFileType = sourcecode.c.h; path = ofxUISpectrum.h; sourceTree = "<group>"; };
		04AF38F3184B661E00E125FC /* ofxUISuperCanvas.h */ = {isa = PBXFileReference; fileEncoding = 4; lastKnownFileType = sourcecode.c.h; path = ofxUISuperCanvas.h; sourceTree = "<group>"; };
		04AF38F4184B661E00E125FC /* ofxUITabBar.h */ = {isa = PBXFileReference; fileEncoding = 4; lastKnownFileType = sourcecode.c.h; path = ofxUITabBar.h; sourceTree = "<group>"; };
		04AF38F5184B661E00E125FC /* ofxUITextArea.h */ = {isa = PBXFileReference; fileEncoding = 4; lastKnownFileType = sourcecode.c.h; path = ofxUITextArea.h; sourceTree = "<group>"; };
		04AF38F6184B661E00E125FC /* ofxUITextInput.h */ = {isa = PBXFileReference; fileEncoding = 4; lastKnownFileType = sourcecode.c.h; path = ofxUITextInput.h; sourceTree = "<group>"; };
		04AF38F7184B661E00E125FC /* ofxUIToggle.h */ = {isa = PBXFileReference; fileEncoding = 4; lastKnownFileType = sourcecode.c.h; path = ofxUIToggle.h; sourceTree = "<group>"; };
		04AF38F8184B661E00E125FC /* ofxUIToggleMatrix.h */ = {isa = PBXFileReference; fileEncoding = 4; lastKnownFileType = sourcecode.c.h; path = ofxUIToggleMatrix.h; sourceTree = "<group>"; };
		04AF38F9184B661E00E125FC /* ofxUIUtils.h */ = {isa = PBXFileReference; fileEncoding = 4; lastKnownFileType = sourcecode.c.h; path = ofxUIUtils.h; sourceTree = "<group>"; };
		04AF38FA184B661E00E125FC /* ofxUIValuePlotter.h */ = {isa = PBXFileReference; fileEncoding = 4; lastKnownFileType = sourcecode.c.h; path = ofxUIValuePlotter.h; sourceTree = "<group>"; };
		04AF38FB184B661E00E125FC /* ofxUIWaveform.h */ = {isa = PBXFileReference; fileEncoding = 4; lastKnownFileType = sourcecode.c.h; path = ofxUIWaveform.h; sourceTree = "<group>"; };
		04AF38FC184B661E00E125FC /* ofxUIWidget.h */ = {isa = PBXFileReference; fileEncoding = 4; lastKnownFileType = sourcecode.c.h; path = ofxUIWidget.h; sourceTree = "<group>"; };
		04AF38FD184B661E00E125FC /* ofxUIWidgetWithLabel.h */ = {isa = PBXFileReference; fileEncoding = 4; lastKnownFileType = sourcecode.c.h; path = ofxUIWidgetWithLabel.h; sourceTree = "<group>"; };
		04AF3977184B665800E125FC /* IpEndpointName.cpp */ = {isa = PBXFileReference; fileEncoding = 4; lastKnownFileType = sourcecode.cpp.cpp; path = IpEndpointName.cpp; sourceTree = "<group>"; };
		04AF3978184B665800E125FC /* IpEndpointName.h */ = {isa = PBXFileReference; fileEncoding = 4; lastKnownFileType = sourcecode.c.h; path = IpEndpointName.h; sourceTree = "<group>"; };
		04AF3979184B665800E125FC /* NetworkingUtils.h */ = {isa = PBXFileReference; fileEncoding = 4; lastKnownFileType = sourcecode.c.h; path = NetworkingUtils.h; sourceTree = "<group>"; };
		04AF397A184B665800E125FC /* PacketListener.h */ = {isa = PBXFileReference; fileEncoding = 4; lastKnownFileType = sourcecode.c.h; path = PacketListener.h; sourceTree = "<group>"; };
		04AF397C184B665800E125FC /* NetworkingUtils.cpp */ = {isa = PBXFileReference; fileEncoding = 4; lastKnownFileType = sourcecode.cpp.cpp; path = NetworkingUtils.cpp; sourceTree = "<group>"; };
		04AF397D184B665800E125FC /* UdpSocket.cpp */ = {isa = PBXFileReference; fileEncoding = 4; lastKnownFileType = sourcecode.cpp.cpp; path = UdpSocket.cpp; sourceTree = "<group>"; };
		04AF397E184B665800E125FC /* TimerListener.h */ = {isa = PBXFileReference; fileEncoding = 4; lastKnownFileType = sourcecode.c.h; path = TimerListener.h; sourceTree = "<group>"; };
		04AF397F184B665800E125FC /* UdpSocket.h */ = {isa = PBXFileReference; fileEncoding = 4; lastKnownFileType = sourcecode.c.h; path = UdpSocket.h; sourceTree = "<group>"; };
		04AF3981184B665800E125FC /* NetworkingUtilsWin.cpp */ = {isa = PBXFileReference; fileEncoding = 4; lastKnownFileType = sourcecode.cpp.cpp; path = NetworkingUtilsWin.cpp; sourceTree = "<group>"; };
		04AF3982184B665800E125FC /* UdpSocketWin.cpp */ = {isa = PBXFileReference; fileEncoding = 4; lastKnownFileType = sourcecode.cpp.cpp; path = UdpSocketWin.cpp; sourceTree = "<group>"; };
		04AF3984184B665800E125FC /* MessageMappingOscPacketListener.h */ = {isa = PBXFileReference; fileEncoding = 4; lastKnownFileType = sourcecode.c.h; path = MessageMappingOscPacketListener.h; sourceTree = "<group>"; };
		04AF3985184B665800E125FC /* OscException.h */ = {isa = PBXFileReference; fileEncoding = 4; lastKnownFileType = sourcecode.c.h; path = OscException.h; sourceTree = "<group>"; };
		04AF3986184B665800E125FC /* OscHostEndianness.h */ = {isa = PBXFileReference; fileEncoding = 4; lastKnownFileType = sourcecode.c.h; path = OscHostEndianness.h; sourceTree = "<group>"; };
		04AF3987184B665800E125FC /* OscOutboundPacketStream.cpp */ = {isa = PBXFileReference; fileEncoding = 4; lastKnownFileType = sourcecode.cpp.cpp; path = OscOutboundPacketStream.cpp; sourceTree = "<group>"; };
		04AF3988184B665800E125FC /* OscOutboundPacketStream.h */ = {isa = PBXFileReference; fileEncoding = 4; lastKnownFileType = sourcecode.c.h; path = OscOutboundPacketStream.h; sourceTree = "<group>"; };
		04AF3989184B665800E125FC /* OscPacketListener.h */ = {isa = PBXFileReference; fileEncoding = 4; lastKnownFileType = sourcecode.c.h; path = OscPacketListener.h; sourceTree = "<group>"; };
		04AF398A184B665800E125FC /* OscPrintReceivedElements.cpp */ = {isa = PBXFileReference; fileEncoding = 4; lastKnownFileType = sourcecode.cpp.cpp; path = OscPrintReceivedElements.cpp; sourceTree = "<group>"; };
		04AF398B184B665800E125FC /* OscPrintReceivedElements.h */ = {isa = PBXFileReference; fileEncoding = 4; lastKnownFileType = sourcecode.c.h; path = OscPrintReceivedElements.h; sourceTree = "<group>"; };
		04AF398C184B665800E125FC /* OscReceivedElements.cpp */ = {isa = PBXFileReference; fileEncoding = 4; lastKnownFileType = sourcecode.cpp.cpp; path = OscReceivedElements.cpp; sourceTree = "<group>"; };
		04AF398D184B665800E125FC /* OscReceivedElements.h */ = {isa = PBXFileReference; fileEncoding = 4; lastKnownFileType = sourcecode.c.h; path = OscReceivedElements.h; sourceTree = "<group>"; };
		04AF398E184B665800E125FC /* OscTypes.cpp */ = {isa = PBXFileReference; fileEncoding = 4; lastKnownFileType = sourcecode.cpp.cpp; path = OscTypes.cpp; sourceTree = "<group>"; };
		04AF398F184B665800E125FC /* OscTypes.h */ = {isa = PBXFileReference; fileEncoding = 4; lastKnownFileType = sourcecode.c.h; path = OscTypes.h; sourceTree = "<group>"; };
		04AF3991184B665800E125FC /* ofxOsc.h */ = {isa = PBXFileReference; fileEncoding = 4; lastKnownFileType = sourcecode.c.h; path = ofxOsc.h; sourceTree = "<group>"; };
		04AF3992184B665800E125FC /* ofxOscArg.h */ = {isa = PBXFileReference; fileEncoding = 4; lastKnownFileType = sourcecode.c.h; path = ofxOscArg.h; sourceTree = "<group>"; };
		04AF3993184B665800E125FC /* ofxOscBundle.cpp */ = {isa = PBXFileReference; fileEncoding = 4; lastKnownFileType = sourcecode.cpp.cpp; path = ofxOscBundle.cpp; sourceTree = "<group>"; };
		04AF3994184B665800E125FC /* ofxOscBundle.h */ = {isa = PBXFileReference; fileEncoding = 4; lastKnownFileType = sourcecode.c.h; path = ofxOscBundle.h; sourceTree = "<group>"; };
		04AF3995184B665800E125FC /* ofxOscMessage.cpp */ = {isa = PBXFileReference; fileEncoding = 4; lastKnownFileType = sourcecode.cpp.cpp; path = ofxOscMessage.cpp; sourceTree = "<group>"; };
		04AF3996184B665800E125FC /* ofxOscMessage.h */ = {isa = PBXFileReference; fileEncoding = 4; lastKnownFileType = sourcecode.c.h; path = ofxOscMessage.h; sourceTree = "<group>"; };
		04AF3997184B665800E125FC /* ofxOscParameterSync.cpp */ = {isa = PBXFileReference; fileEncoding = 4; lastKnownFileType = sourcecode.cpp.cpp; path = ofxOscParameterSync.cpp; sourceTree = "<group>"; };
		04AF3998184B665800E125FC /* ofxOscParameterSync.h */ = {isa = PBXFileReference; fileEncoding = 4; lastKnownFileType = sourcecode.c.h; path = ofxOscParameterSync.h; sourceTree = "<group>"; };
		04AF3999184B665800E125FC /* ofxOscReceiver.cpp */ = {isa = PBXFileReference; fileEncoding = 4; lastKnownFileType = sourcecode.cpp.cpp; path = ofxOscReceiver.cpp; sourceTree = "<group>"; };
		04AF399A184B665800E125FC /* ofxOscReceiver.h */ = {isa = PBXFileReference; fileEncoding = 4; lastKnownFileType = sourcecode.c.h; path = ofxOscReceiver.h; sourceTree = "<group>"; };
		04AF399B184B665800E125FC /* ofxOscSender.cpp */ = {isa = PBXFileReference; fileEncoding = 4; lastKnownFileType = sourcecode.cpp.cpp; path = ofxOscSender.cpp; sourceTree = "<group>"; };
		04AF399C184B665800E125FC /* ofxOscSender.h */ = {isa = PBXFileReference; fileEncoding = 4; lastKnownFileType = sourcecode.c.h; path = ofxOscSender.h; sourceTree = "<group>"; };
		04AF39AD184B668D00E125FC /* tinyxml.cpp */ = {isa = PBXFileReference; fileEncoding = 4; lastKnownFileType = sourcecode.cpp.cpp; path = tinyxml.cpp; sourceTree = "<group>"; };
		04AF39AE184B668D00E125FC /* tinyxml.h */ = {isa = PBXFileReference; fileEncoding = 4; lastKnownFileType = sourcecode.c.h; path = tinyxml.h; sourceTree = "<group>"; };
		04AF39AF184B668D00E125FC /* tinyxmlerror.cpp */ = {isa = PBXFileReference; fileEncoding = 4; lastKnownFileType = sourcecode.cpp.cpp; path = tinyxmlerror.cpp; sourceTree = "<group>"; };
		04AF39B0184B668D00E125FC /* tinyxmlparser.cpp */ = {isa = PBXFileReference; fileEncoding = 4; lastKnownFileType = sourcecode.cpp.cpp; path = tinyxmlparser.cpp; sourceTree = "<group>"; };
		04AF39B2184B668D00E125FC /* ofxXmlSettings.cpp */ = {isa = PBXFileReference; fileEncoding = 4; lastKnownFileType = sourcecode.cpp.cpp; path = ofxXmlSettings.cpp; sourceTree = "<group>"; };
		04AF39B3184B668D00E125FC /* ofxXmlSettings.h */ = {isa = PBXFileReference; fileEncoding = 4; lastKnownFileType = sourcecode.c.h; path = ofxXmlSettings.h; sourceTree = "<group>"; };
		04AF39BA184B6D5E00E125FC /* .gitignore */ = {isa = PBXFileReference; fileEncoding = 4; lastKnownFileType = text; path = .gitignore; sourceTree = "<group>"; };
		04AF39CF184B6D5E00E125FC /* angle_small.jpeg */ = {isa = PBXFileReference; lastKnownFileType = image.jpeg; path = angle_small.jpeg; sourceTree = "<group>"; };
		04AF39D2184B6D5E00E125FC /* artnet.h */ = {isa = PBXFileReference; fileEncoding = 4; lastKnownFileType = sourcecode.c.h; path = artnet.h; sourceTree = "<group>"; };
		04AF39D3184B6D5E00E125FC /* common.h */ = {isa = PBXFileReference; fileEncoding = 4; lastKnownFileType = sourcecode.c.h; path = common.h; sourceTree = "<group>"; };
		04AF39D4184B6D5E00E125FC /* misc.h */ = {isa = PBXFileReference; fileEncoding = 4; lastKnownFileType = sourcecode.c.h; path = misc.h; sourceTree = "<group>"; };
		04AF39D5184B6D5E00E125FC /* packets.h */ = {isa = PBXFileReference; fileEncoding = 4; lastKnownFileType = sourcecode.c.h; path = packets.h; sourceTree = "<group>"; };
		04AF39D6184B6D5E00E125FC /* private.h */ = {isa = PBXFileReference; fileEncoding = 4; lastKnownFileType = sourcecode.c.h; path = private.h; sourceTree = "<group>"; };
		04AF39D7184B6D5E00E125FC /* tod.h */ = {isa = PBXFileReference; fileEncoding = 4; lastKnownFileType = sourcecode.c.h; path = tod.h; sourceTree = "<group>"; };
		04AF39D8184B6D5E00E125FC /* unistd_d.h */ = {isa = PBXFileReference; fileEncoding = 4; lastKnownFileType = sourcecode.c.h; path = unistd_d.h; sourceTree = "<group>"; };
		04AF39DA184B6D5E00E125FC /* artnet.c */ = {isa = PBXFileReference; fileEncoding = 4; lastKnownFileType = sourcecode.c.c; path = artnet.c; sourceTree = "<group>"; };
		04AF39DB184B6D5E00E125FC /* misc.c */ = {isa = PBXFileReference; fileEncoding = 4; lastKnownFileType = sourcecode.c.c; path = misc.c; sourceTree = "<group>"; };
		04AF39DC184B6D5E00E125FC /* network.c */ = {isa = PBXFileReference; fileEncoding = 4; lastKnownFileType = sourcecode.c.c; path = network.c; sourceTree = "<group>"; };
		04AF39DD184B6D5E00E125FC /* receive.c */ = {isa = PBXFileReference; fileEncoding = 4; lastKnownFileType = sourcecode.c.c; path = receive.c; sourceTree = "<group>"; };
		04AF39DE184B6D5E00E125FC /* tod.c */ = {isa = PBXFileReference; fileEncoding = 4; lastKnownFileType = sourcecode.c.c; path = tod.c; sourceTree = "<group>"; };
		04AF39DF184B6D5E00E125FC /* transmit.c */ = {isa = PBXFileReference; fileEncoding = 4; lastKnownFileType = sourcecode.c.c; path = transmit.c; sourceTree = "<group>"; };
		04AF39E0184B6D5E00E125FC /* README.md */ = {isa = PBXFileReference; fileEncoding = 4; lastKnownFileType = text; path = README.md; sourceTree = "<group>"; };
		04AF39E2184B6D5E00E125FC /* ofxArtnet.cpp */ = {isa = PBXFileReference; fileEncoding = 4; lastKnownFileType = sourcecode.cpp.cpp; path = ofxArtnet.cpp; sourceTree = "<group>"; };
		04AF39E3184B6D5E00E125FC /* ofxArtnet.h */ = {isa = PBXFileReference; fileEncoding = 4; lastKnownFileType = sourcecode.c.h; path = ofxArtnet.h; sourceTree = "<group>"; };
		BBAB23BE13894E4700AA2426 /* GLUT.framework */ = {isa = PBXFileReference; lastKnownFileType = wrapper.framework; name = GLUT.framework; path = ../../../libs/glut/lib/osx/GLUT.framework; sourceTree = "<group>"; };
		E4328143138ABC890047C5CB /* openFrameworksLib.xcodeproj */ = {isa = PBXFileReference; lastKnownFileType = "wrapper.pb-project"; name = openFrameworksLib.xcodeproj; path = ../../../libs/openFrameworksCompiled/project/osx/openFrameworksLib.xcodeproj; sourceTree = SOURCE_ROOT; };
		E45BE9710E8CC7DD009D7055 /* AGL.framework */ = {isa = PBXFileReference; lastKnownFileType = wrapper.framework; name = AGL.framework; path = /System/Library/Frameworks/AGL.framework; sourceTree = "<absolute>"; };
		E45BE9720E8CC7DD009D7055 /* ApplicationServices.framework */ = {isa = PBXFileReference; lastKnownFileType = wrapper.framework; name = ApplicationServices.framework; path = /System/Library/Frameworks/ApplicationServices.framework; sourceTree = "<absolute>"; };
		E45BE9730E8CC7DD009D7055 /* AudioToolbox.framework */ = {isa = PBXFileReference; lastKnownFileType = wrapper.framework; name = AudioToolbox.framework; path = /System/Library/Frameworks/AudioToolbox.framework; sourceTree = "<absolute>"; };
		E45BE9740E8CC7DD009D7055 /* Carbon.framework */ = {isa = PBXFileReference; lastKnownFileType = wrapper.framework; name = Carbon.framework; path = /System/Library/Frameworks/Carbon.framework; sourceTree = "<absolute>"; };
		E45BE9750E8CC7DD009D7055 /* CoreAudio.framework */ = {isa = PBXFileReference; lastKnownFileType = wrapper.framework; name = CoreAudio.framework; path = /System/Library/Frameworks/CoreAudio.framework; sourceTree = "<absolute>"; };
		E45BE9760E8CC7DD009D7055 /* CoreFoundation.framework */ = {isa = PBXFileReference; lastKnownFileType = wrapper.framework; name = CoreFoundation.framework; path = /System/Library/Frameworks/CoreFoundation.framework; sourceTree = "<absolute>"; };
		E45BE9770E8CC7DD009D7055 /* CoreServices.framework */ = {isa = PBXFileReference; lastKnownFileType = wrapper.framework; name = CoreServices.framework; path = /System/Library/Frameworks/CoreServices.framework; sourceTree = "<absolute>"; };
		E45BE9790E8CC7DD009D7055 /* OpenGL.framework */ = {isa = PBXFileReference; lastKnownFileType = wrapper.framework; name = OpenGL.framework; path = /System/Library/Frameworks/OpenGL.framework; sourceTree = "<absolute>"; };
		E45BE97A0E8CC7DD009D7055 /* QuickTime.framework */ = {isa = PBXFileReference; lastKnownFileType = wrapper.framework; name = QuickTime.framework; path = /System/Library/Frameworks/QuickTime.framework; sourceTree = "<absolute>"; };
		E4B69B5B0A3A1756003C02F2 /* kloLightBoxDebug.app */ = {isa = PBXFileReference; explicitFileType = wrapper.application; includeInIndex = 0; path = kloLightBoxDebug.app; sourceTree = BUILT_PRODUCTS_DIR; };
		E4B69E1D0A3A1BDC003C02F2 /* main.cpp */ = {isa = PBXFileReference; fileEncoding = 30; lastKnownFileType = sourcecode.cpp.cpp; name = main.cpp; path = src/main.cpp; sourceTree = SOURCE_ROOT; };
		E4B69E1E0A3A1BDC003C02F2 /* testApp.cpp */ = {isa = PBXFileReference; explicitFileType = sourcecode.cpp.cpp; fileEncoding = 30; name = testApp.cpp; path = src/testApp.cpp; sourceTree = SOURCE_ROOT; };
		E4B69E1F0A3A1BDC003C02F2 /* testApp.h */ = {isa = PBXFileReference; fileEncoding = 30; lastKnownFileType = sourcecode.c.h; name = testApp.h; path = src/testApp.h; sourceTree = SOURCE_ROOT; };
		E4B6FCAD0C3E899E008CF71C /* openFrameworks-Info.plist */ = {isa = PBXFileReference; fileEncoding = 30; lastKnownFileType = text.plist.xml; path = "openFrameworks-Info.plist"; sourceTree = "<group>"; };
		E4C2424410CC5A17004149E2 /* AppKit.framework */ = {isa = PBXFileReference; lastKnownFileType = wrapper.framework; name = AppKit.framework; path = /System/Library/Frameworks/AppKit.framework; sourceTree = "<absolute>"; };
		E4C2424510CC5A17004149E2 /* Cocoa.framework */ = {isa = PBXFileReference; lastKnownFileType = wrapper.framework; name = Cocoa.framework; path = /System/Library/Frameworks/Cocoa.framework; sourceTree = "<absolute>"; };
		E4C2424610CC5A17004149E2 /* IOKit.framework */ = {isa = PBXFileReference; lastKnownFileType = wrapper.framework; name = IOKit.framework; path = /System/Library/Frameworks/IOKit.framework; sourceTree = "<absolute>"; };
		E4EB691F138AFCF100A09F29 /* CoreOF.xcconfig */ = {isa = PBXFileReference; fileEncoding = 4; lastKnownFileType = text.xcconfig; name = CoreOF.xcconfig; path = ../../../libs/openFrameworksCompiled/project/osx/CoreOF.xcconfig; sourceTree = SOURCE_ROOT; };
		E4EB6923138AFD0F00A09F29 /* Project.xcconfig */ = {isa = PBXFileReference; fileEncoding = 4; lastKnownFileType = text.xcconfig; path = Project.xcconfig; sourceTree = "<group>"; };
		E7E077E415D3B63C0020DFD4 /* CoreVideo.framework */ = {isa = PBXFileReference; lastKnownFileType = wrapper.framework; name = CoreVideo.framework; path = /System/Library/Frameworks/CoreVideo.framework; sourceTree = "<absolute>"; };
		E7E077E715D3B6510020DFD4 /* QTKit.framework */ = {isa = PBXFileReference; lastKnownFileType = wrapper.framework; name = QTKit.framework; path = /System/Library/Frameworks/QTKit.framework; sourceTree = "<absolute>"; };
		E7F985F515E0DE99003869B5 /* Accelerate.framework */ = {isa = PBXFileReference; lastKnownFileType = wrapper.framework; name = Accelerate.framework; path = /System/Library/Frameworks/Accelerate.framework; sourceTree = "<absolute>"; };
/* End PBXFileReference section */

/* Begin PBXFrameworksBuildPhase section */
		E4B69B590A3A1756003C02F2 /* Frameworks */ = {
			isa = PBXFrameworksBuildPhase;
			buildActionMask = 2147483647;
			files = (
				E7F985F815E0DEA3003869B5 /* Accelerate.framework in Frameworks */,
				E7E077E815D3B6510020DFD4 /* QTKit.framework in Frameworks */,
				E4EB6799138ADC1D00A09F29 /* GLUT.framework in Frameworks */,
				E4328149138ABC9F0047C5CB /* openFrameworksDebug.a in Frameworks */,
				E45BE97B0E8CC7DD009D7055 /* AGL.framework in Frameworks */,
				E45BE97C0E8CC7DD009D7055 /* ApplicationServices.framework in Frameworks */,
				E45BE97D0E8CC7DD009D7055 /* AudioToolbox.framework in Frameworks */,
				E45BE97E0E8CC7DD009D7055 /* Carbon.framework in Frameworks */,
				E45BE97F0E8CC7DD009D7055 /* CoreAudio.framework in Frameworks */,
				E45BE9800E8CC7DD009D7055 /* CoreFoundation.framework in Frameworks */,
				E45BE9810E8CC7DD009D7055 /* CoreServices.framework in Frameworks */,
				E45BE9830E8CC7DD009D7055 /* OpenGL.framework in Frameworks */,
				E45BE9840E8CC7DD009D7055 /* QuickTime.framework in Frameworks */,
				E4C2424710CC5A17004149E2 /* AppKit.framework in Frameworks */,
				E4C2424810CC5A17004149E2 /* Cocoa.framework in Frameworks */,
				E4C2424910CC5A17004149E2 /* IOKit.framework in Frameworks */,
				E7E077E515D3B63C0020DFD4 /* CoreVideo.framework in Frameworks */,
			);
			runOnlyForDeploymentPostprocessing = 0;
		};
/* End PBXFrameworksBuildPhase section */

/* Begin PBXGroup section */
		042C05F3184CE6CC0084225F /* ofxGui */ = {
			isa = PBXGroup;
			children = (
				042C05F4184CE6CC0084225F /* src */,
			);
			name = ofxGui;
			path = ../../../addons/ofxGui;
			sourceTree = "<group>";
		};
		042C05F4184CE6CC0084225F /* src */ = {
			isa = PBXGroup;
			children = (
				042C05F5184CE6CC0084225F /* ofxBaseGui.cpp */,
				042C05F6184CE6CC0084225F /* ofxBaseGui.h */,
				042C05F7184CE6CC0084225F /* ofxButton.cpp */,
				042C05F8184CE6CC0084225F /* ofxButton.h */,
				042C05F9184CE6CC0084225F /* ofxGui.h */,
				042C05FA184CE6CC0084225F /* ofxGuiGroup.cpp */,
				042C05FB184CE6CC0084225F /* ofxGuiGroup.h */,
				042C05FC184CE6CC0084225F /* ofxLabel.cpp */,
				042C05FD184CE6CC0084225F /* ofxLabel.h */,
				042C05FE184CE6CC0084225F /* ofxPanel.cpp */,
				042C05FF184CE6CC0084225F /* ofxPanel.h */,
				042C0600184CE6CC0084225F /* ofxSlider.cpp */,
				042C0601184CE6CC0084225F /* ofxSlider.h */,
				042C0602184CE6CC0084225F /* ofxSliderGroup.cpp */,
				042C0603184CE6CC0084225F /* ofxSliderGroup.h */,
				042C0604184CE6CC0084225F /* ofxToggle.cpp */,
				042C0605184CE6CC0084225F /* ofxToggle.h */,
			);
			path = src;
			sourceTree = "<group>";
		};
		042C0611184D01380084225F /* Scenes */ = {
			isa = PBXGroup;
			children = (
				042C0614184D02110084225F /* TestScene.h */,
				042C0615184D02900084225F /* TestScene.cpp */,
			);
			name = Scenes;
			sourceTree = "<group>";
		};
		04AF3619184B660A00E125FC /* ofxDmx */ = {
			isa = PBXGroup;
			children = (
				04AF361A184B660A00E125FC /* .gitignore */,
				04AF361B184B660A00E125FC /* license.md */,
				04AF361C184B660A00E125FC /* readme.md */,
				04AF361D184B660A00E125FC /* src */,
			);
			name = ofxDmx;
			path = ../../../addons/ofxDmx;
			sourceTree = "<group>";
		};
		04AF361D184B660A00E125FC /* src */ = {
			isa = PBXGroup;
			children = (
				04AF361E184B660A00E125FC /* ofxDmx.cpp */,
				04AF361F184B660A00E125FC /* ofxDmx.h */,
			);
			path = src;
			sourceTree = "<group>";
		};
		04AF3621184B661A00E125FC /* ofxUI */ = {
			isa = PBXGroup;
			children = (
				04AF3622184B661A00E125FC /* .gitignore */,
				04AF38CB184B661D00E125FC /* ofxaddons_thumbnail.png */,
				04AF38CC184B661D00E125FC /* README */,
				04AF38CD184B661D00E125FC /* src */,
			);
			name = ofxUI;
			path = ../../../addons/ofxUI;
			sourceTree = "<group>";
		};
		04AF38CD184B661D00E125FC /* src */ = {
			isa = PBXGroup;
			children = (
				04AF38CE184B661D00E125FC /* ofxUI.h */,
				04AF38CF184B661D00E125FC /* ofxUI2DGraph.h */,
				04AF38D0184B661E00E125FC /* ofxUI2DPad.h */,
				04AF38D1184B661E00E125FC /* ofxUIBaseDraws.h */,
				04AF38D2184B661E00E125FC /* ofxUIBiLabelSlider.h */,
				04AF38D3184B661E00E125FC /* ofxUIButton.h */,
				04AF38D4184B661E00E125FC /* ofxUICanvas.h */,
				04AF38D5184B661E00E125FC /* ofxUICircleSlider.h */,
				04AF38D6184B661E00E125FC /* ofxUICustomImageButton.h */,
				04AF38D7184B661E00E125FC /* ofxUIDropDownList.h */,
				04AF38D8184B661E00E125FC /* ofxUIEventArgs.h */,
				04AF38D9184B661E00E125FC /* ofxUIFPS.h */,
				04AF38DA184B661E00E125FC /* ofxUIFPSSlider.h */,
				04AF38DB184B661E00E125FC /* ofxUIImage.h */,
				04AF38DC184B661E00E125FC /* ofxUIImageButton.h */,
				04AF38DD184B661E00E125FC /* ofxUIImageSampler.h */,
				04AF38DE184B661E00E125FC /* ofxUIImageSlider.h */,
				04AF38DF184B661E00E125FC /* ofxUIImageToggle.h */,
				04AF38E0184B661E00E125FC /* ofxUIIntSlider.h */,
				04AF38E1184B661E00E125FC /* ofxUILabel.h */,
				04AF38E2184B661E00E125FC /* ofxUILabelButton.h */,
				04AF38E3184B661E00E125FC /* ofxUILabelToggle.h */,
				04AF38E4184B661E00E125FC /* ofxUIMinimalSlider.h */,
				04AF38E5184B661E00E125FC /* ofxUIMovingGraph.h */,
				04AF38E6184B661E00E125FC /* ofxUIMultiImageButton.h */,
				04AF38E7184B661E00E125FC /* ofxUIMultiImageSlider.h */,
				04AF38E8184B661E00E125FC /* ofxUIMultiImageToggle.h */,
				04AF38E9184B661E00E125FC /* ofxUINumberDialer.h */,
				04AF38EA184B661E00E125FC /* ofxUIOFWrapper.h */,
				04AF38EB184B661E00E125FC /* ofxUIRadio.h */,
				04AF38EC184B661E00E125FC /* ofxUIRangeSlider.h */,
				04AF38ED184B661E00E125FC /* ofxUIRectangle.h */,
				04AF38EE184B661E00E125FC /* ofxUIRotarySlider.h */,
				04AF38EF184B661E00E125FC /* ofxUIScrollableCanvas.h */,
				04AF38F0184B661E00E125FC /* ofxUISlider.h */,
				04AF38F1184B661E00E125FC /* ofxUISpacer.h */,
				04AF38F2184B661E00E125FC /* ofxUISpectrum.h */,
				04AF38F3184B661E00E125FC /* ofxUISuperCanvas.h */,
				04AF38F4184B661E00E125FC /* ofxUITabBar.h */,
				04AF38F5184B661E00E125FC /* ofxUITextArea.h */,
				04AF38F6184B661E00E125FC /* ofxUITextInput.h */,
				04AF38F7184B661E00E125FC /* ofxUIToggle.h */,
				04AF38F8184B661E00E125FC /* ofxUIToggleMatrix.h */,
				04AF38F9184B661E00E125FC /* ofxUIUtils.h */,
				04AF38FA184B661E00E125FC /* ofxUIValuePlotter.h */,
				04AF38FB184B661E00E125FC /* ofxUIWaveform.h */,
				04AF38FC184B661E00E125FC /* ofxUIWidget.h */,
				04AF38FD184B661E00E125FC /* ofxUIWidgetWithLabel.h */,
			);
			path = src;
			sourceTree = "<group>";
		};
		04AF3972184B665800E125FC /* ofxOsc */ = {
			isa = PBXGroup;
			children = (
				04AF3973184B665800E125FC /* libs */,
				04AF3990184B665800E125FC /* src */,
			);
			name = ofxOsc;
			path = ../../../addons/ofxOsc;
			sourceTree = "<group>";
		};
		04AF3973184B665800E125FC /* libs */ = {
			isa = PBXGroup;
			children = (
				04AF3974184B665800E125FC /* oscpack */,
			);
			path = libs;
			sourceTree = "<group>";
		};
		04AF3974184B665800E125FC /* oscpack */ = {
			isa = PBXGroup;
			children = (
				04AF3975184B665800E125FC /* src */,
			);
			path = oscpack;
			sourceTree = "<group>";
		};
		04AF3975184B665800E125FC /* src */ = {
			isa = PBXGroup;
			children = (
				04AF3976184B665800E125FC /* ip */,
				04AF3983184B665800E125FC /* osc */,
			);
			path = src;
			sourceTree = "<group>";
		};
		04AF3976184B665800E125FC /* ip */ = {
			isa = PBXGroup;
			children = (
				04AF3977184B665800E125FC /* IpEndpointName.cpp */,
				04AF3978184B665800E125FC /* IpEndpointName.h */,
				04AF3979184B665800E125FC /* NetworkingUtils.h */,
				04AF397A184B665800E125FC /* PacketListener.h */,
				04AF397B184B665800E125FC /* posix */,
				04AF397E184B665800E125FC /* TimerListener.h */,
				04AF397F184B665800E125FC /* UdpSocket.h */,
				04AF3980184B665800E125FC /* win32 */,
			);
			path = ip;
			sourceTree = "<group>";
		};
		04AF397B184B665800E125FC /* posix */ = {
			isa = PBXGroup;
			children = (
				04AF397C184B665800E125FC /* NetworkingUtils.cpp */,
				04AF397D184B665800E125FC /* UdpSocket.cpp */,
			);
			path = posix;
			sourceTree = "<group>";
		};
		04AF3980184B665800E125FC /* win32 */ = {
			isa = PBXGroup;
			children = (
				04AF3981184B665800E125FC /* NetworkingUtilsWin.cpp */,
				04AF3982184B665800E125FC /* UdpSocketWin.cpp */,
			);
			path = win32;
			sourceTree = "<group>";
		};
		04AF3983184B665800E125FC /* osc */ = {
			isa = PBXGroup;
			children = (
				04AF3984184B665800E125FC /* MessageMappingOscPacketListener.h */,
				04AF3985184B665800E125FC /* OscException.h */,
				04AF3986184B665800E125FC /* OscHostEndianness.h */,
				04AF3987184B665800E125FC /* OscOutboundPacketStream.cpp */,
				04AF3988184B665800E125FC /* OscOutboundPacketStream.h */,
				04AF3989184B665800E125FC /* OscPacketListener.h */,
				04AF398A184B665800E125FC /* OscPrintReceivedElements.cpp */,
				04AF398B184B665800E125FC /* OscPrintReceivedElements.h */,
				04AF398C184B665800E125FC /* OscReceivedElements.cpp */,
				04AF398D184B665800E125FC /* OscReceivedElements.h */,
				04AF398E184B665800E125FC /* OscTypes.cpp */,
				04AF398F184B665800E125FC /* OscTypes.h */,
			);
			path = osc;
			sourceTree = "<group>";
		};
		04AF3990184B665800E125FC /* src */ = {
			isa = PBXGroup;
			children = (
				04AF3991184B665800E125FC /* ofxOsc.h */,
				04AF3992184B665800E125FC /* ofxOscArg.h */,
				04AF3993184B665800E125FC /* ofxOscBundle.cpp */,
				04AF3994184B665800E125FC /* ofxOscBundle.h */,
				04AF3995184B665800E125FC /* ofxOscMessage.cpp */,
				04AF3996184B665800E125FC /* ofxOscMessage.h */,
				04AF3997184B665800E125FC /* ofxOscParameterSync.cpp */,
				04AF3998184B665800E125FC /* ofxOscParameterSync.h */,
				04AF3999184B665800E125FC /* ofxOscReceiver.cpp */,
				04AF399A184B665800E125FC /* ofxOscReceiver.h */,
				04AF399B184B665800E125FC /* ofxOscSender.cpp */,
				04AF399C184B665800E125FC /* ofxOscSender.h */,
			);
			path = src;
			sourceTree = "<group>";
		};
		04AF39AB184B668D00E125FC /* ofxXmlSettings */ = {
			isa = PBXGroup;
			children = (
				04AF39AC184B668D00E125FC /* libs */,
				04AF39B1184B668D00E125FC /* src */,
			);
			name = ofxXmlSettings;
			path = ../../../addons/ofxXmlSettings;
			sourceTree = "<group>";
		};
		04AF39AC184B668D00E125FC /* libs */ = {
			isa = PBXGroup;
			children = (
				04AF39AD184B668D00E125FC /* tinyxml.cpp */,
				04AF39AE184B668D00E125FC /* tinyxml.h */,
				04AF39AF184B668D00E125FC /* tinyxmlerror.cpp */,
				04AF39B0184B668D00E125FC /* tinyxmlparser.cpp */,
			);
			path = libs;
			sourceTree = "<group>";
		};
		04AF39B1184B668D00E125FC /* src */ = {
			isa = PBXGroup;
			children = (
				04AF39B2184B668D00E125FC /* ofxXmlSettings.cpp */,
				04AF39B3184B668D00E125FC /* ofxXmlSettings.h */,
			);
			path = src;
			sourceTree = "<group>";
		};
		04AF39B9184B6D5E00E125FC /* ofxArtnet */ = {
			isa = PBXGroup;
			children = (
				04AF39BA184B6D5E00E125FC /* .gitignore */,
				04AF39CE184B6D5E00E125FC /* libs */,
				04AF39E0184B6D5E00E125FC /* README.md */,
				04AF39E1184B6D5E00E125FC /* src */,
			);
			name = ofxArtnet;
			path = ../../../addons/ofxArtnet;
			sourceTree = "<group>";
		};
		04AF39CE184B6D5E00E125FC /* libs */ = {
			isa = PBXGroup;
			children = (
				04AF39CF184B6D5E00E125FC /* angle_small.jpeg */,
				04AF39D0184B6D5E00E125FC /* artnet */,
			);
			path = libs;
			sourceTree = "<group>";
		};
		04AF39D0184B6D5E00E125FC /* artnet */ = {
			isa = PBXGroup;
			children = (
				04AF39D1184B6D5E00E125FC /* include */,
				04AF39D9184B6D5E00E125FC /* src */,
			);
			path = artnet;
			sourceTree = "<group>";
		};
		04AF39D1184B6D5E00E125FC /* include */ = {
			isa = PBXGroup;
			children = (
				04AF39D2184B6D5E00E125FC /* artnet.h */,
				04AF39D3184B6D5E00E125FC /* common.h */,
				04AF39D4184B6D5E00E125FC /* misc.h */,
				04AF39D5184B6D5E00E125FC /* packets.h */,
				04AF39D6184B6D5E00E125FC /* private.h */,
				04AF39D7184B6D5E00E125FC /* tod.h */,
				04AF39D8184B6D5E00E125FC /* unistd_d.h */,
			);
			path = include;
			sourceTree = "<group>";
		};
		04AF39D9184B6D5E00E125FC /* src */ = {
			isa = PBXGroup;
			children = (
				04AF39DA184B6D5E00E125FC /* artnet.c */,
				04AF39DB184B6D5E00E125FC /* misc.c */,
				04AF39DC184B6D5E00E125FC /* network.c */,
				04AF39DD184B6D5E00E125FC /* receive.c */,
				04AF39DE184B6D5E00E125FC /* tod.c */,
				04AF39DF184B6D5E00E125FC /* transmit.c */,
			);
			path = src;
			sourceTree = "<group>";
		};
		04AF39E1184B6D5E00E125FC /* src */ = {
			isa = PBXGroup;
			children = (
				04AF39E2184B6D5E00E125FC /* ofxArtnet.cpp */,
				04AF39E3184B6D5E00E125FC /* ofxArtnet.h */,
			);
			path = src;
			sourceTree = "<group>";
		};
		BB4B014C10F69532006C3DED /* addons */ = {
			isa = PBXGroup;
			children = (
				042C05F3184CE6CC0084225F /* ofxGui */,
				04AF39B9184B6D5E00E125FC /* ofxArtnet */,
				04AF39AB184B668D00E125FC /* ofxXmlSettings */,
				04AF3972184B665800E125FC /* ofxOsc */,
				04AF3621184B661A00E125FC /* ofxUI */,
				04AF3619184B660A00E125FC /* ofxDmx */,
			);
			name = addons;
			sourceTree = "<group>";
		};
		BBAB23C913894ECA00AA2426 /* system frameworks */ = {
			isa = PBXGroup;
			children = (
				E7F985F515E0DE99003869B5 /* Accelerate.framework */,
				E4C2424410CC5A17004149E2 /* AppKit.framework */,
				E4C2424510CC5A17004149E2 /* Cocoa.framework */,
				E4C2424610CC5A17004149E2 /* IOKit.framework */,
				E45BE9710E8CC7DD009D7055 /* AGL.framework */,
				E45BE9720E8CC7DD009D7055 /* ApplicationServices.framework */,
				E45BE9730E8CC7DD009D7055 /* AudioToolbox.framework */,
				E45BE9740E8CC7DD009D7055 /* Carbon.framework */,
				E45BE9750E8CC7DD009D7055 /* CoreAudio.framework */,
				E45BE9760E8CC7DD009D7055 /* CoreFoundation.framework */,
				E45BE9770E8CC7DD009D7055 /* CoreServices.framework */,
				E45BE9790E8CC7DD009D7055 /* OpenGL.framework */,
				E45BE97A0E8CC7DD009D7055 /* QuickTime.framework */,
				E7E077E415D3B63C0020DFD4 /* CoreVideo.framework */,
				E7E077E715D3B6510020DFD4 /* QTKit.framework */,
			);
			name = "system frameworks";
			sourceTree = "<group>";
		};
		BBAB23CA13894EDB00AA2426 /* 3rd party frameworks */ = {
			isa = PBXGroup;
			children = (
				BBAB23BE13894E4700AA2426 /* GLUT.framework */,
			);
			name = "3rd party frameworks";
			sourceTree = "<group>";
		};
		E4328144138ABC890047C5CB /* Products */ = {
			isa = PBXGroup;
			children = (
				E4328148138ABC890047C5CB /* openFrameworksDebug.a */,
			);
			name = Products;
			sourceTree = "<group>";
		};
		E45BE5980E8CC70C009D7055 /* frameworks */ = {
			isa = PBXGroup;
			children = (
				BBAB23CA13894EDB00AA2426 /* 3rd party frameworks */,
				BBAB23C913894ECA00AA2426 /* system frameworks */,
			);
			name = frameworks;
			sourceTree = "<group>";
		};
		E4B69B4A0A3A1720003C02F2 = {
			isa = PBXGroup;
			children = (
				E4B6FCAD0C3E899E008CF71C /* openFrameworks-Info.plist */,
				E4EB6923138AFD0F00A09F29 /* Project.xcconfig */,
				E4B69E1C0A3A1BDC003C02F2 /* src */,
				E4EEC9E9138DF44700A80321 /* openFrameworks */,
				BB4B014C10F69532006C3DED /* addons */,
				E45BE5980E8CC70C009D7055 /* frameworks */,
				E4B69B5B0A3A1756003C02F2 /* kloLightBoxDebug.app */,
			);
			sourceTree = "<group>";
		};
		E4B69E1C0A3A1BDC003C02F2 /* src */ = {
			isa = PBXGroup;
			children = (
				042C0611184D01380084225F /* Scenes */,
				E4B69E1D0A3A1BDC003C02F2 /* main.cpp */,
				E4B69E1E0A3A1BDC003C02F2 /* testApp.cpp */,
				E4B69E1F0A3A1BDC003C02F2 /* testApp.h */,
				042C0613184D01720084225F /* Scene.h */,
			);
			path = src;
			sourceTree = SOURCE_ROOT;
		};
		E4EEC9E9138DF44700A80321 /* openFrameworks */ = {
			isa = PBXGroup;
			children = (
				E4EB691F138AFCF100A09F29 /* CoreOF.xcconfig */,
				E4328143138ABC890047C5CB /* openFrameworksLib.xcodeproj */,
			);
			name = openFrameworks;
			sourceTree = "<group>";
		};
/* End PBXGroup section */

/* Begin PBXNativeTarget section */
		E4B69B5A0A3A1756003C02F2 /* kloLightBox */ = {
			isa = PBXNativeTarget;
			buildConfigurationList = E4B69B5F0A3A1757003C02F2 /* Build configuration list for PBXNativeTarget "kloLightBox" */;
			buildPhases = (
				E4B69B580A3A1756003C02F2 /* Sources */,
				E4B69B590A3A1756003C02F2 /* Frameworks */,
				E4B6FFFD0C3F9AB9008CF71C /* ShellScript */,
				E4C2427710CC5ABF004149E2 /* CopyFiles */,
			);
			buildRules = (
			);
			dependencies = (
				E4EEB9AC138B136A00A80321 /* PBXTargetDependency */,
			);
			name = kloLightBox;
			productName = myOFApp;
			productReference = E4B69B5B0A3A1756003C02F2 /* kloLightBoxDebug.app */;
			productType = "com.apple.product-type.application";
		};
/* End PBXNativeTarget section */

/* Begin PBXProject section */
		E4B69B4C0A3A1720003C02F2 /* Project object */ = {
			isa = PBXProject;
			attributes = {
				LastUpgradeCheck = 0460;
			};
			buildConfigurationList = E4B69B4D0A3A1720003C02F2 /* Build configuration list for PBXProject "kloLightBox" */;
			compatibilityVersion = "Xcode 3.2";
			developmentRegion = English;
			hasScannedForEncodings = 0;
			knownRegions = (
				English,
				Japanese,
				French,
				German,
			);
			mainGroup = E4B69B4A0A3A1720003C02F2;
			productRefGroup = E4B69B4A0A3A1720003C02F2;
			projectDirPath = "";
			projectReferences = (
				{
					ProductGroup = E4328144138ABC890047C5CB /* Products */;
					ProjectRef = E4328143138ABC890047C5CB /* openFrameworksLib.xcodeproj */;
				},
			);
			projectRoot = "";
			targets = (
				E4B69B5A0A3A1756003C02F2 /* kloLightBox */,
			);
		};
/* End PBXProject section */

/* Begin PBXReferenceProxy section */
		E4328148138ABC890047C5CB /* openFrameworksDebug.a */ = {
			isa = PBXReferenceProxy;
			fileType = archive.ar;
			path = openFrameworksDebug.a;
			remoteRef = E4328147138ABC890047C5CB /* PBXContainerItemProxy */;
			sourceTree = BUILT_PRODUCTS_DIR;
		};
/* End PBXReferenceProxy section */

/* Begin PBXShellScriptBuildPhase section */
		E4B6FFFD0C3F9AB9008CF71C /* ShellScript */ = {
			isa = PBXShellScriptBuildPhase;
			buildActionMask = 2147483647;
			files = (
			);
			inputPaths = (
			);
			outputPaths = (
			);
			runOnlyForDeploymentPostprocessing = 0;
			shellPath = /bin/sh;
			shellScript = "cp -f ../../../libs/fmodex/lib/osx/libfmodex.dylib \"$TARGET_BUILD_DIR/$PRODUCT_NAME.app/Contents/MacOS/libfmodex.dylib\"; install_name_tool -change ./libfmodex.dylib @executable_path/libfmodex.dylib \"$TARGET_BUILD_DIR/$PRODUCT_NAME.app/Contents/MacOS/$PRODUCT_NAME\";\nmkdir -p \"$TARGET_BUILD_DIR/$PRODUCT_NAME.app/Contents/Resources/\"\ncp -f \"$ICON_FILE\" \"$TARGET_BUILD_DIR/$PRODUCT_NAME.app/Contents/Resources/\"\n";
		};
/* End PBXShellScriptBuildPhase section */

/* Begin PBXSourcesBuildPhase section */
		E4B69B580A3A1756003C02F2 /* Sources */ = {
			isa = PBXSourcesBuildPhase;
			buildActionMask = 2147483647;
			files = (
				04AF39A6184B665800E125FC /* ofxOscBundle.cpp in Sources */,
				04AF39EB184B6D5E00E125FC /* tod.c in Sources */,
				04AF39B4184B668D00E125FC /* tinyxml.cpp in Sources */,
				04AF399D184B665800E125FC /* IpEndpointName.cpp in Sources */,
				E4B69E200A3A1BDC003C02F2 /* main.cpp in Sources */,
				042C060A184CE6CC0084225F /* ofxPanel.cpp in Sources */,
				04AF39A1184B665800E125FC /* UdpSocketWin.cpp in Sources */,
				04AF39A4184B665800E125FC /* OscReceivedElements.cpp in Sources */,
				04AF39B7184B668D00E125FC /* ofxXmlSettings.cpp in Sources */,
				04AF39AA184B665800E125FC /* ofxOscSender.cpp in Sources */,
				04AF3620184B660A00E125FC /* ofxDmx.cpp in Sources */,
				042C0609184CE6CC0084225F /* ofxLabel.cpp in Sources */,
				04AF39B6184B668D00E125FC /* tinyxmlparser.cpp in Sources */,
				04AF39A5184B665800E125FC /* OscTypes.cpp in Sources */,
				042C0606184CE6CC0084225F /* ofxBaseGui.cpp in Sources */,
				E4B69E210A3A1BDC003C02F2 /* testApp.cpp in Sources */,
				042C0608184CE6CC0084225F /* ofxGuiGroup.cpp in Sources */,
				04AF39E8184B6D5E00E125FC /* misc.c in Sources */,
				04AF39A7184B665800E125FC /* ofxOscMessage.cpp in Sources */,
				042C0616184D02900084225F /* TestScene.cpp in Sources */,
				04AF399F184B665800E125FC /* UdpSocket.cpp in Sources */,
				04AF39EC184B6D5E00E125FC /* transmit.c in Sources */,
				04AF39A3184B665800E125FC /* OscPrintReceivedElements.cpp in Sources */,
				042C0607184CE6CC0084225F /* ofxButton.cpp in Sources */,
				04AF39E9184B6D5E00E125FC /* network.c in Sources */,
				04AF39A8184B665800E125FC /* ofxOscParameterSync.cpp in Sources */,
				04AF39ED184B6D5E00E125FC /* ofxArtnet.cpp in Sources */,
				04AF399E184B665800E125FC /* NetworkingUtils.cpp in Sources */,
				04AF39E7184B6D5E00E125FC /* artnet.c in Sources */,
				04AF39A9184B665800E125FC /* ofxOscReceiver.cpp in Sources */,
				042C060D184CE6CC0084225F /* ofxToggle.cpp in Sources */,
				04AF39A2184B665800E125FC /* OscOutboundPacketStream.cpp in Sources */,
				042C060C184CE6CC0084225F /* ofxSliderGroup.cpp in Sources */,
				042C060B184CE6CC0084225F /* ofxSlider.cpp in Sources */,
				04AF39EA184B6D5E00E125FC /* receive.c in Sources */,
				04AF39A0184B665800E125FC /* NetworkingUtilsWin.cpp in Sources */,
				04AF39B5184B668D00E125FC /* tinyxmlerror.cpp in Sources */,
			);
			runOnlyForDeploymentPostprocessing = 0;
		};
/* End PBXSourcesBuildPhase section */

/* Begin PBXTargetDependency section */
		E4EEB9AC138B136A00A80321 /* PBXTargetDependency */ = {
			isa = PBXTargetDependency;
			name = openFrameworks;
			targetProxy = E4EEB9AB138B136A00A80321 /* PBXContainerItemProxy */;
		};
/* End PBXTargetDependency section */

/* Begin XCBuildConfiguration section */
		E4B69B4E0A3A1720003C02F2 /* Debug */ = {
			isa = XCBuildConfiguration;
			baseConfigurationReference = E4EB6923138AFD0F00A09F29 /* Project.xcconfig */;
			buildSettings = {
				ARCHS = "$(NATIVE_ARCH)";
				CONFIGURATION_BUILD_DIR = "$(SRCROOT)/bin/";
				COPY_PHASE_STRIP = NO;
				DEAD_CODE_STRIPPING = YES;
				GCC_AUTO_VECTORIZATION = YES;
				GCC_ENABLE_SSE3_EXTENSIONS = YES;
				GCC_ENABLE_SUPPLEMENTAL_SSE3_INSTRUCTIONS = YES;
				GCC_INLINES_ARE_PRIVATE_EXTERN = NO;
				GCC_OPTIMIZATION_LEVEL = 0;
				GCC_SYMBOLS_PRIVATE_EXTERN = NO;
				GCC_WARN_ABOUT_DEPRECATED_FUNCTIONS = YES;
				GCC_WARN_ABOUT_INVALID_OFFSETOF_MACRO = NO;
				GCC_WARN_ALLOW_INCOMPLETE_PROTOCOL = NO;
				GCC_WARN_UNINITIALIZED_AUTOS = NO;
				GCC_WARN_UNUSED_VALUE = NO;
				GCC_WARN_UNUSED_VARIABLE = NO;
				HEADER_SEARCH_PATHS = (
					"$(OF_CORE_HEADERS)",
					src,
				);
				MACOSX_DEPLOYMENT_TARGET = 10.6;
				OTHER_CPLUSPLUSFLAGS = (
					"-D__MACOSX_CORE__",
					"-lpthread",
					"-mtune=native",
				);
				SDKROOT = macosx;
			};
			name = Debug;
		};
		E4B69B4F0A3A1720003C02F2 /* Release */ = {
			isa = XCBuildConfiguration;
			baseConfigurationReference = E4EB6923138AFD0F00A09F29 /* Project.xcconfig */;
			buildSettings = {
				ARCHS = "$(NATIVE_ARCH)";
				CONFIGURATION_BUILD_DIR = "$(SRCROOT)/bin/";
				COPY_PHASE_STRIP = YES;
				DEAD_CODE_STRIPPING = YES;
				GCC_AUTO_VECTORIZATION = YES;
				GCC_ENABLE_SSE3_EXTENSIONS = YES;
				GCC_ENABLE_SUPPLEMENTAL_SSE3_INSTRUCTIONS = YES;
				GCC_INLINES_ARE_PRIVATE_EXTERN = NO;
				GCC_OPTIMIZATION_LEVEL = 3;
				GCC_SYMBOLS_PRIVATE_EXTERN = NO;
				GCC_UNROLL_LOOPS = YES;
				GCC_WARN_ABOUT_DEPRECATED_FUNCTIONS = YES;
				GCC_WARN_ABOUT_INVALID_OFFSETOF_MACRO = NO;
				GCC_WARN_ALLOW_INCOMPLETE_PROTOCOL = NO;
				GCC_WARN_UNINITIALIZED_AUTOS = NO;
				GCC_WARN_UNUSED_VALUE = NO;
				GCC_WARN_UNUSED_VARIABLE = NO;
				HEADER_SEARCH_PATHS = (
					"$(OF_CORE_HEADERS)",
					src,
				);
				MACOSX_DEPLOYMENT_TARGET = 10.6;
				OTHER_CPLUSPLUSFLAGS = (
					"-D__MACOSX_CORE__",
					"-lpthread",
					"-mtune=native",
				);
				SDKROOT = macosx;
			};
			name = Release;
		};
		E4B69B600A3A1757003C02F2 /* Debug */ = {
			isa = XCBuildConfiguration;
			buildSettings = {
				COMBINE_HIDPI_IMAGES = YES;
				COPY_PHASE_STRIP = NO;
				FRAMEWORK_SEARCH_PATHS = (
					"$(inherited)",
					"$(FRAMEWORK_SEARCH_PATHS_QUOTED_FOR_TARGET_1)",
				);
				FRAMEWORK_SEARCH_PATHS_QUOTED_FOR_TARGET_1 = "\"$(SRCROOT)/../../../libs/glut/lib/osx\"";
				GCC_DYNAMIC_NO_PIC = NO;
				GCC_GENERATE_DEBUGGING_SYMBOLS = YES;
				GCC_MODEL_TUNING = NONE;
				ICON = "$(ICON_NAME_DEBUG)";
				ICON_FILE = "$(ICON_FILE_PATH)$(ICON)";
				INFOPLIST_FILE = "openFrameworks-Info.plist";
				INSTALL_PATH = "$(HOME)/Applications";
				LIBRARY_SEARCH_PATHS = (
					"$(inherited)",
					"$(LIBRARY_SEARCH_PATHS_QUOTED_FOR_TARGET_1)",
					"$(LIBRARY_SEARCH_PATHS_QUOTED_FOR_TARGET_2)",
					"$(LIBRARY_SEARCH_PATHS_QUOTED_FOR_TARGET_3)",
					"$(LIBRARY_SEARCH_PATHS_QUOTED_FOR_TARGET_4)",
					"$(LIBRARY_SEARCH_PATHS_QUOTED_FOR_TARGET_5)",
					"$(LIBRARY_SEARCH_PATHS_QUOTED_FOR_TARGET_6)",
					"$(LIBRARY_SEARCH_PATHS_QUOTED_FOR_TARGET_7)",
					"$(LIBRARY_SEARCH_PATHS_QUOTED_FOR_TARGET_8)",
					"$(LIBRARY_SEARCH_PATHS_QUOTED_FOR_TARGET_9)",
					"$(LIBRARY_SEARCH_PATHS_QUOTED_FOR_TARGET_10)",
					"$(LIBRARY_SEARCH_PATHS_QUOTED_FOR_TARGET_11)",
					"$(LIBRARY_SEARCH_PATHS_QUOTED_FOR_TARGET_12)",
					"$(LIBRARY_SEARCH_PATHS_QUOTED_FOR_TARGET_13)",
					"$(LIBRARY_SEARCH_PATHS_QUOTED_FOR_TARGET_14)",
					"$(LIBRARY_SEARCH_PATHS_QUOTED_FOR_TARGET_15)",
					"$(LIBRARY_SEARCH_PATHS_QUOTED_FOR_TARGET_2)",
					"$(LIBRARY_SEARCH_PATHS_QUOTED_FOR_TARGET_3)",
					"$(LIBRARY_SEARCH_PATHS_QUOTED_FOR_TARGET_7)",
					"$(LIBRARY_SEARCH_PATHS_QUOTED_FOR_TARGET_8)",
					"$(LIBRARY_SEARCH_PATHS_QUOTED_FOR_TARGET_9)",
					"$(LIBRARY_SEARCH_PATHS_QUOTED_FOR_TARGET_10)",
					"$(LIBRARY_SEARCH_PATHS_QUOTED_FOR_TARGET_11)",
					"$(LIBRARY_SEARCH_PATHS_QUOTED_FOR_TARGET_12)",
					"$(LIBRARY_SEARCH_PATHS_QUOTED_FOR_TARGET_13)",
					"$(LIBRARY_SEARCH_PATHS_QUOTED_FOR_TARGET_16)",
					"$(LIBRARY_SEARCH_PATHS_QUOTED_FOR_TARGET_17)",
					"$(LIBRARY_SEARCH_PATHS_QUOTED_FOR_TARGET_18)",
					"$(LIBRARY_SEARCH_PATHS_QUOTED_FOR_TARGET_19)",
					"$(LIBRARY_SEARCH_PATHS_QUOTED_FOR_TARGET_20)",
					"$(LIBRARY_SEARCH_PATHS_QUOTED_FOR_TARGET_21)",
					"$(LIBRARY_SEARCH_PATHS_QUOTED_FOR_TARGET_22)",
					"$(LIBRARY_SEARCH_PATHS_QUOTED_FOR_TARGET_23)",
					"$(LIBRARY_SEARCH_PATHS_QUOTED_FOR_TARGET_24)",
					"$(LIBRARY_SEARCH_PATHS_QUOTED_FOR_TARGET_25)",
					"$(LIBRARY_SEARCH_PATHS_QUOTED_FOR_TARGET_26)",
					"$(LIBRARY_SEARCH_PATHS_QUOTED_FOR_TARGET_27)",
					"$(LIBRARY_SEARCH_PATHS_QUOTED_FOR_TARGET_28)",
					"$(LIBRARY_SEARCH_PATHS_QUOTED_FOR_TARGET_29)",
					"$(LIBRARY_SEARCH_PATHS_QUOTED_FOR_TARGET_30)",
					"$(LIBRARY_SEARCH_PATHS_QUOTED_FOR_TARGET_31)",
					"$(LIBRARY_SEARCH_PATHS_QUOTED_FOR_TARGET_32)",
					"$(LIBRARY_SEARCH_PATHS_QUOTED_FOR_TARGET_33)",
					"$(LIBRARY_SEARCH_PATHS_QUOTED_FOR_TARGET_34)",
					"$(LIBRARY_SEARCH_PATHS_QUOTED_FOR_TARGET_35)",
					"$(LIBRARY_SEARCH_PATHS_QUOTED_FOR_TARGET_36)",
					"$(LIBRARY_SEARCH_PATHS_QUOTED_FOR_TARGET_37)",
					"$(LIBRARY_SEARCH_PATHS_QUOTED_FOR_TARGET_38)",
					"$(LIBRARY_SEARCH_PATHS_QUOTED_FOR_TARGET_39)",
					"$(LIBRARY_SEARCH_PATHS_QUOTED_FOR_TARGET_40)",
					"$(LIBRARY_SEARCH_PATHS_QUOTED_FOR_TARGET_41)",
					"$(LIBRARY_SEARCH_PATHS_QUOTED_FOR_TARGET_42)",
					"$(LIBRARY_SEARCH_PATHS_QUOTED_FOR_TARGET_43)",
					"$(LIBRARY_SEARCH_PATHS_QUOTED_FOR_TARGET_44)",
					"$(LIBRARY_SEARCH_PATHS_QUOTED_FOR_TARGET_45)",
					"$(LIBRARY_SEARCH_PATHS_QUOTED_FOR_TARGET_46)",
					"$(LIBRARY_SEARCH_PATHS_QUOTED_FOR_TARGET_47)",
					"$(LIBRARY_SEARCH_PATHS_QUOTED_FOR_TARGET_48)",
					"$(LIBRARY_SEARCH_PATHS_QUOTED_FOR_TARGET_49)",
					"$(LIBRARY_SEARCH_PATHS_QUOTED_FOR_TARGET_50)",
					"$(LIBRARY_SEARCH_PATHS_QUOTED_FOR_TARGET_51)",
					"$(LIBRARY_SEARCH_PATHS_QUOTED_FOR_TARGET_52)",
				);
				PRODUCT_NAME = kloLightBoxDebug;
				WRAPPER_EXTENSION = app;
			};
			name = Debug;
		};
		E4B69B610A3A1757003C02F2 /* Release */ = {
			isa = XCBuildConfiguration;
			buildSettings = {
				COMBINE_HIDPI_IMAGES = YES;
				COPY_PHASE_STRIP = YES;
				FRAMEWORK_SEARCH_PATHS = (
					"$(inherited)",
					"$(FRAMEWORK_SEARCH_PATHS_QUOTED_FOR_TARGET_1)",
				);
				FRAMEWORK_SEARCH_PATHS_QUOTED_FOR_TARGET_1 = "\"$(SRCROOT)/../../../libs/glut/lib/osx\"";
				GCC_GENERATE_DEBUGGING_SYMBOLS = YES;
				GCC_MODEL_TUNING = NONE;
				ICON = "$(ICON_NAME_RELEASE)";
				ICON_FILE = "$(ICON_FILE_PATH)$(ICON)";
				INFOPLIST_FILE = "openFrameworks-Info.plist";
				INSTALL_PATH = "$(HOME)/Applications";
				LIBRARY_SEARCH_PATHS = (
					"$(inherited)",
					"$(LIBRARY_SEARCH_PATHS_QUOTED_FOR_TARGET_1)",
					"$(LIBRARY_SEARCH_PATHS_QUOTED_FOR_TARGET_2)",
					"$(LIBRARY_SEARCH_PATHS_QUOTED_FOR_TARGET_3)",
					"$(LIBRARY_SEARCH_PATHS_QUOTED_FOR_TARGET_4)",
					"$(LIBRARY_SEARCH_PATHS_QUOTED_FOR_TARGET_5)",
					"$(LIBRARY_SEARCH_PATHS_QUOTED_FOR_TARGET_6)",
					"$(LIBRARY_SEARCH_PATHS_QUOTED_FOR_TARGET_7)",
					"$(LIBRARY_SEARCH_PATHS_QUOTED_FOR_TARGET_8)",
					"$(LIBRARY_SEARCH_PATHS_QUOTED_FOR_TARGET_9)",
					"$(LIBRARY_SEARCH_PATHS_QUOTED_FOR_TARGET_10)",
					"$(LIBRARY_SEARCH_PATHS_QUOTED_FOR_TARGET_11)",
					"$(LIBRARY_SEARCH_PATHS_QUOTED_FOR_TARGET_12)",
					"$(LIBRARY_SEARCH_PATHS_QUOTED_FOR_TARGET_13)",
					"$(LIBRARY_SEARCH_PATHS_QUOTED_FOR_TARGET_14)",
					"$(LIBRARY_SEARCH_PATHS_QUOTED_FOR_TARGET_15)",
					"$(LIBRARY_SEARCH_PATHS_QUOTED_FOR_TARGET_2)",
					"$(LIBRARY_SEARCH_PATHS_QUOTED_1)",
					"$(LIBRARY_SEARCH_PATHS_QUOTED_FOR_TARGET_3)",
					"$(LIBRARY_SEARCH_PATHS_QUOTED_FOR_TARGET_7)",
					"$(LIBRARY_SEARCH_PATHS_QUOTED_FOR_TARGET_8)",
					"$(LIBRARY_SEARCH_PATHS_QUOTED_FOR_TARGET_9)",
					"$(LIBRARY_SEARCH_PATHS_QUOTED_FOR_TARGET_10)",
					"$(LIBRARY_SEARCH_PATHS_QUOTED_FOR_TARGET_11)",
					"$(LIBRARY_SEARCH_PATHS_QUOTED_FOR_TARGET_12)",
					"$(LIBRARY_SEARCH_PATHS_QUOTED_FOR_TARGET_13)",
					"$(LIBRARY_SEARCH_PATHS_QUOTED_FOR_TARGET_16)",
					"$(LIBRARY_SEARCH_PATHS_QUOTED_FOR_TARGET_17)",
					"$(LIBRARY_SEARCH_PATHS_QUOTED_FOR_TARGET_18)",
					"$(LIBRARY_SEARCH_PATHS_QUOTED_FOR_TARGET_19)",
					"$(LIBRARY_SEARCH_PATHS_QUOTED_FOR_TARGET_20)",
					"$(LIBRARY_SEARCH_PATHS_QUOTED_FOR_TARGET_21)",
					"$(LIBRARY_SEARCH_PATHS_QUOTED_FOR_TARGET_22)",
					"$(LIBRARY_SEARCH_PATHS_QUOTED_FOR_TARGET_23)",
					"$(LIBRARY_SEARCH_PATHS_QUOTED_FOR_TARGET_24)",
					"$(LIBRARY_SEARCH_PATHS_QUOTED_FOR_TARGET_25)",
					"$(LIBRARY_SEARCH_PATHS_QUOTED_FOR_TARGET_26)",
					"$(LIBRARY_SEARCH_PATHS_QUOTED_FOR_TARGET_27)",
					"$(LIBRARY_SEARCH_PATHS_QUOTED_FOR_TARGET_28)",
					"$(LIBRARY_SEARCH_PATHS_QUOTED_FOR_TARGET_29)",
					"$(LIBRARY_SEARCH_PATHS_QUOTED_FOR_TARGET_30)",
					"$(LIBRARY_SEARCH_PATHS_QUOTED_FOR_TARGET_31)",
					"$(LIBRARY_SEARCH_PATHS_QUOTED_FOR_TARGET_32)",
					"$(LIBRARY_SEARCH_PATHS_QUOTED_FOR_TARGET_33)",
					"$(LIBRARY_SEARCH_PATHS_QUOTED_FOR_TARGET_34)",
					"$(LIBRARY_SEARCH_PATHS_QUOTED_FOR_TARGET_35)",
					"$(LIBRARY_SEARCH_PATHS_QUOTED_FOR_TARGET_36)",
					"$(LIBRARY_SEARCH_PATHS_QUOTED_FOR_TARGET_37)",
					"$(LIBRARY_SEARCH_PATHS_QUOTED_FOR_TARGET_38)",
					"$(LIBRARY_SEARCH_PATHS_QUOTED_FOR_TARGET_39)",
					"$(LIBRARY_SEARCH_PATHS_QUOTED_FOR_TARGET_40)",
					"$(LIBRARY_SEARCH_PATHS_QUOTED_FOR_TARGET_41)",
					"$(LIBRARY_SEARCH_PATHS_QUOTED_FOR_TARGET_42)",
					"$(LIBRARY_SEARCH_PATHS_QUOTED_FOR_TARGET_43)",
					"$(LIBRARY_SEARCH_PATHS_QUOTED_FOR_TARGET_44)",
					"$(LIBRARY_SEARCH_PATHS_QUOTED_FOR_TARGET_45)",
					"$(LIBRARY_SEARCH_PATHS_QUOTED_FOR_TARGET_46)",
					"$(LIBRARY_SEARCH_PATHS_QUOTED_FOR_TARGET_47)",
					"$(LIBRARY_SEARCH_PATHS_QUOTED_FOR_TARGET_48)",
					"$(LIBRARY_SEARCH_PATHS_QUOTED_FOR_TARGET_49)",
					"$(LIBRARY_SEARCH_PATHS_QUOTED_FOR_TARGET_50)",
					"$(LIBRARY_SEARCH_PATHS_QUOTED_FOR_TARGET_51)",
				);
				PRODUCT_NAME = kloLightBox;
				WRAPPER_EXTENSION = app;
			};
			name = Release;
		};
/* End XCBuildConfiguration section */

/* Begin XCConfigurationList section */
		E4B69B4D0A3A1720003C02F2 /* Build configuration list for PBXProject "kloLightBox" */ = {
			isa = XCConfigurationList;
			buildConfigurations = (
				E4B69B4E0A3A1720003C02F2 /* Debug */,
				E4B69B4F0A3A1720003C02F2 /* Release */,
			);
			defaultConfigurationIsVisible = 0;
			defaultConfigurationName = Release;
		};
		E4B69B5F0A3A1757003C02F2 /* Build configuration list for PBXNativeTarget "kloLightBox" */ = {
			isa = XCConfigurationList;
			buildConfigurations = (
				E4B69B600A3A1757003C02F2 /* Debug */,
				E4B69B610A3A1757003C02F2 /* Release */,
			);
			defaultConfigurationIsVisible = 0;
			defaultConfigurationName = Release;
		};
/* End XCConfigurationList section */
	};
	rootObject = E4B69B4C0A3A1720003C02F2 /* Project object */;
}
